
Microsoft Visual Studio Solution File, Format Version 12.00
# Visual Studio Version 17
VisualStudioVersion = 17.5.33502.453
MinimumVisualStudioVersion = 10.0.40219.1
Project("{FAE04EC0-301F-11D3-BF4B-00C04F79EFBC}") = "PropertyManageSystem", "PropertyManageSystem\PropertyManageSystem.csproj", "{2EA7CD5F-1CE6-43FD-AF2A-6C74E0C8682F}"
EndProject
Global
	GlobalSection(SolutionConfigurationPlatforms) = preSolution
		Debug|Any CPU = Debug|Any CPU
		Release|Any CPU = Release|Any CPU
	EndGlobalSection
	GlobalSection(ProjectConfigurationPlatforms) = postSolution
		{2EA7CD5F-1CE6-43FD-AF2A-6C74E0C8682F}.Debug|Any CPU.ActiveCfg = Debug|Any CPU
		{2EA7CD5F-1CE6-43FD-AF2A-6C74E0C8682F}.Debug|Any CPU.Build.0 = Debug|Any CPU
		{2EA7CD5F-1CE6-43FD-AF2A-6C74E0C8682F}.Release|Any CPU.ActiveCfg = Release|Any CPU
		{2EA7CD5F-1CE6-43FD-AF2A-6C74E0C8682F}.Release|Any CPU.Build.0 = Release|Any CPU
	EndGlobalSection
	GlobalSection(SolutionProperties) = preSolution
		HideSolutionNode = FALSE
	EndGlobalSection
	GlobalSection(ExtensibilityGlobals) = postSolution
		SolutionGuid = {15CC4965-D365-40B9-864C-67179A365234}
	EndGlobalSection
EndGlobal
